# This file is autogenerated, do not edit; changes may be undone by the next 'dep ensure'.


[[projects]]
  branch = "master"
  digest = "1:8a82e4b519fb94b83923e0a6fae6aced276c887781b94b6a00c90b3dad240ba1"
  name = "github.com/mailru/easyjson"
  packages = [
    ".",
    "buffer",
    "jlexer",
    "jwriter",
  ]
  pruneopts = "UT"
  revision = "1ea4449da9834f4d333f1cc461c374aea217d249"

[[projects]]
  digest = "1:e948f5c85d49bbdb16facb10ed4c7089b5b5947a5a111f0aa1454aca84a08e74"
  name = "github.com/olivere/elastic"
  packages = [
    ".",
    "config",
    "uritemplates",
  ]
  pruneopts = "UT"
  revision = "9a5942842e80bd3c67c6bf9385a32a6c29eba0e4"
  version = "v6.2.19"

[[projects]]
  digest = "1:cf31692c14422fa27c83a05292eb5cbe0fb2775972e8f1f8446a71549bd8980b"
  name = "github.com/pkg/errors"
  packages = ["."]
  pruneopts = "UT"
  revision = "ba968bfe8b2f7e042a574c888954fccecfa385b4"
  version = "v0.8.1"

[[projects]]
  digest = "1:38b83677b456638f96769b115008c385f64c9261a753e2e295043249fc2007ab"
  name = "github.com/uber/cadence"
  packages = [
    ".gen/go/shared",
    "common/definition",
  ]
  pruneopts = "UT"
  revision = "0d2e1c1b39cbeabdeeb3aee18d3da04cc1d4b187"
  version = "v0.5.9"

[[projects]]
  digest = "1:f95b469161aa3bf30d515403ca1593f566e9d877f1c02479038ce55207118bf5"
  name = "github.com/valyala/fastjson"
  packages = [
    ".",
    "fastfloat",
  ]
  pruneopts = "UT"
  revision = "73ca3ce4bcd1cb08f60e48df25675b80c6a4e51e"
  version = "v1.4.1"

[[projects]]
  branch = "master"
  digest = "1:c364e1046df58e7c1731edd337145461011d129bbb876932d9e5bbf105d07888"
  name = "github.com/xwb1989/sqlparser"
  packages = [
    ".",
    "dependency/bytes2",
    "dependency/hack",
    "dependency/querypb",
    "dependency/sqltypes",
  ]
  pruneopts = "UT"
  revision = "120387863bf27d04bc07db8015110a6e96d0146c"

[[projects]]
  digest = "1:a5158647b553c61877aa9ae74f4015000294e47981e6b8b07525edcbb0747c81"
  name = "go.uber.org/atomic"
  packages = ["."]
  pruneopts = "UT"
  revision = "df976f2515e274675050de7b3f42545de80594fd"
  version = "v1.4.0"

[[projects]]
  digest = "1:60bf2a5e347af463c42ed31a493d817f8a72f102543060ed992754e689805d1a"
  name = "go.uber.org/multierr"
  packages = ["."]
  pruneopts = "UT"
  revision = "3c4937480c32f4c13a875a1829af76c98ca3d40a"
  version = "v1.1.0"

[[projects]]
  digest = "1:a38476f5307ba310393930944755553ff9227f1642fee73bd195604afbbe7c3a"
  name = "go.uber.org/thriftrw"
  packages = [
    "thriftreflect",
    "wire",
  ]
  pruneopts = "UT"
  revision = "23f23e7fc269002cb7e34f4e2dc079593cd6ad36"
  version = "v1.20.0"

[[projects]]
  digest = "1:4a4be762a22b04eac7aa204ccce18b6aaac8544aae37ba392acb806959058f67"
  name = "go.uber.org/zap"
  packages = [
    "buffer",
    "internal/bufferpool",
    "internal/color",
    "internal/exit",
    "zapcore",
  ]
  pruneopts = "UT"
  revision = "27376062155ad36be76b0f12cf1572a221d3a48c"
  version = "v1.10.0"

[solve-meta]
  analyzer-name = "dep"
  analyzer-version = 1
  input-imports = [
    "github.com/olivere/elastic",
    "github.com/uber/cadence/common/definition",
    "github.com/valyala/fastjson",
    "github.com/xwb1989/sqlparser",
  ]
  solver-name = "gps-cdcl"
  solver-version = 1
